
Microsoft Visual Studio Solution File, Format Version 12.00
# Visual Studio Version 16
VisualStudioVersion = 16.0.34902.97
MinimumVisualStudioVersion = 10.0.40219.1
Project("{FAE04EC0-301F-11D3-BF4B-00C04F79EFBC}") = "CAD-Reserve-System", "CAD-Reserve-System\CAD-Reserve-System.csproj", "{A6BCA73E-A808-46C4-A9B2-1249066187E8}"
EndProject
Global
	GlobalSection(SolutionConfigurationPlatforms) = preSolution
		Debug|Any CPU = Debug|Any CPU
		Release|Any CPU = Release|Any CPU
	EndGlobalSection
	GlobalSection(ProjectConfigurationPlatforms) = postSolution
		{A6BCA73E-A808-46C4-A9B2-1249066187E8}.Debug|Any CPU.ActiveCfg = Debug|Any CPU
		{A6BCA73E-A808-46C4-A9B2-1249066187E8}.Debug|Any CPU.Build.0 = Debug|Any CPU
		{A6BCA73E-A808-46C4-A9B2-1249066187E8}.Release|Any CPU.ActiveCfg = Release|Any CPU
		{A6BCA73E-A808-46C4-A9B2-1249066187E8}.Release|Any CPU.Build.0 = Release|Any CPU
	EndGlobalSection
	GlobalSection(SolutionProperties) = preSolution
		HideSolutionNode = FALSE
	EndGlobalSection
	GlobalSection(ExtensibilityGlobals) = postSolution
		SolutionGuid = {F0127CD3-8EB0-4D36-996F-0484D02F5F2C}
	EndGlobalSection
EndGlobal
